PODS:
  - NICardManagementSDK (1.2.2)

DEPENDENCIES:
  - NICardManagementSDK (from `~/Documents/projects/card-management-sdk-ios`)

EXTERNAL SOURCES:
  NICardManagementSDK:
    :path: "~/Documents/projects/card-management-sdk-ios"

SPEC CHECKSUMS:
  NICardManagementSDK: a349702eb3b63f204bdcee08b809f99c77c49ad1

PODFILE CHECKSUM: 2eba51f9da88a22f4738a334f6a4bf14d41433e1

COCOAPODS: 1.14.3
