PODS:
  - NICardManagementSDK (1.1.0)

DEPENDENCIES:
  - NICardManagementSDK (from `~/Documents/projects/card-management-sdk-ios`)

EXTERNAL SOURCES:
  NICardManagementSDK:
    :path: "~/Documents/projects/card-management-sdk-ios"

SPEC CHECKSUMS:
  NICardManagementSDK: 328d3d16d4ae82c8b62463df6ad8fe427ebbd6fe

PODFILE CHECKSUM: 248670f4fdb15d09b093eaf2831f106b8b16198c

COCOAPODS: 1.14.2
