PODS:
  - NICardManagementSDK (1.0.15-alpha.1)

DEPENDENCIES:
  - NICardManagementSDK (= 1.0.15-alpha.1)

SPEC REPOS:
  trunk:
    - NICardManagementSDK

SPEC CHECKSUMS:
  NICardManagementSDK: 9c69e326099183c44f1ba5594654a997aa87c303

PODFILE CHECKSUM: e987e1fdeb789b4e89299e4320dc6cc13462e483

COCOAPODS: 1.14.3
